
Microsoft Visual Studio Solution File, Format Version 12.00
# Visual Studio Version 17
VisualStudioVersion = 17.4.33213.308
MinimumVisualStudioVersion = 10.0.40219.1
Project("{9A19103F-16F7-4668-BE54-9A1E7A4F7556}") = "CompanyEmployees", "..\CompanyEmployees\CompanyEmployees.csproj", "{69EF48FE-4959-4499-B585-44E9FC20918E}"
EndProject
Project("{9A19103F-16F7-4668-BE54-9A1E7A4F7556}") = "MiddlewareExample", "..\MiddlewareExample\MiddlewareExample.csproj", "{06A76AD5-DED9-45ED-8699-3CC683BC2121}"
EndProject
Global
	GlobalSection(SolutionConfigurationPlatforms) = preSolution
		Debug|Any CPU = Debug|Any CPU
		Release|Any CPU = Release|Any CPU
	EndGlobalSection
	GlobalSection(ProjectConfigurationPlatforms) = postSolution
		{69EF48FE-4959-4499-B585-44E9FC20918E}.Debug|Any CPU.ActiveCfg = Debug|Any CPU
		{69EF48FE-4959-4499-B585-44E9FC20918E}.Debug|Any CPU.Build.0 = Debug|Any CPU
		{69EF48FE-4959-4499-B585-44E9FC20918E}.Release|Any CPU.ActiveCfg = Release|Any CPU
		{69EF48FE-4959-4499-B585-44E9FC20918E}.Release|Any CPU.Build.0 = Release|Any CPU
		{06A76AD5-DED9-45ED-8699-3CC683BC2121}.Debug|Any CPU.ActiveCfg = Debug|Any CPU
		{06A76AD5-DED9-45ED-8699-3CC683BC2121}.Debug|Any CPU.Build.0 = Debug|Any CPU
		{06A76AD5-DED9-45ED-8699-3CC683BC2121}.Release|Any CPU.ActiveCfg = Release|Any CPU
		{06A76AD5-DED9-45ED-8699-3CC683BC2121}.Release|Any CPU.Build.0 = Release|Any CPU
	EndGlobalSection
	GlobalSection(SolutionProperties) = preSolution
		HideSolutionNode = FALSE
	EndGlobalSection
	GlobalSection(ExtensibilityGlobals) = postSolution
		SolutionGuid = {5F15127E-7428-4DC2-8B59-98F422C0234E}
	EndGlobalSection
EndGlobal
