
Microsoft Visual Studio Solution File, Format Version 12.00
# Visual Studio Version 17
VisualStudioVersion = 17.4.33213.308
MinimumVisualStudioVersion = 10.0.40219.1
Project("{2150E333-8FDC-42A3-9474-1A3956D46DE8}") = "Asp.Net Core", "Asp.Net Core", "{E0C7DFDD-BEB6-4480-90D6-867E722BD2B6}"
EndProject
Project("{2150E333-8FDC-42A3-9474-1A3956D46DE8}") = "Chapter2 ConfiguringaLoggingService", "Chapter2 ConfiguringaLoggingService", "{9AB475A7-185D-473E-8E74-9C129E82D697}"
EndProject
Project("{2150E333-8FDC-42A3-9474-1A3956D46DE8}") = "Chapter1 ProjectConfiguration", "Chapter1 ProjectConfiguration", "{0767E854-B560-44F1-BD01-BDFB1E319881}"
EndProject
Project("{9A19103F-16F7-4668-BE54-9A1E7A4F7556}") = "MiddlewareExample", "Asp.Net Core\Chapter1\MiddlewareExample\MiddlewareExample.csproj", "{BBC97BE0-E24C-486A-A7D5-0E6858267A4C}"
EndProject
Project("{9A19103F-16F7-4668-BE54-9A1E7A4F7556}") = "LoggerService", "Asp.Net Core\Chapter2\LoggerService\LoggerService.csproj", "{28967F46-6EBD-4D27-98FD-30F2297C6990}"
EndProject
Project("{9A19103F-16F7-4668-BE54-9A1E7A4F7556}") = "TestLogWebapi", "Asp.Net Core\Chapter2\TestLogWebapi\TestLogWebapi.csproj", "{D16DDC14-1DDF-459D-AD0A-05D415DB9FEE}"
EndProject
Project("{9A19103F-16F7-4668-BE54-9A1E7A4F7556}") = "CompanyEmployees", "Asp.Net Core\Chapter1\CompanyEmployees\CompanyEmployees.csproj", "{2AC90CF2-7D56-4554-9174-924A2340B042}"
EndProject
Project("{2150E333-8FDC-42A3-9474-1A3956D46DE8}") = "Chapter3 Onion Architecture", "Chapter3 Onion Architecture", "{75D1565C-DA9A-4273-93C8-2690E9D77C9E}"
EndProject
Project("{9A19103F-16F7-4668-BE54-9A1E7A4F7556}") = "Entities", "Asp.Net Core\Chapter3\Entities\Entities.csproj", "{F6D3F7D3-149E-4D0E-A41D-F23320820D9A}"
EndProject
Project("{9A19103F-16F7-4668-BE54-9A1E7A4F7556}") = "Repository", "Asp.Net Core\Chapter3\Repository\Repository.csproj", "{5FC272AA-36AE-4AD5-9961-71780D041CA9}"
EndProject
Project("{9A19103F-16F7-4668-BE54-9A1E7A4F7556}") = "Chapter3WebApi", "Asp.Net Core\Chapter3\Chapter3WebApi\Chapter3WebApi.csproj", "{C07DAD42-6402-4281-B7F7-37F9E5276630}"
EndProject
Project("{9A19103F-16F7-4668-BE54-9A1E7A4F7556}") = "Contracts", "Asp.Net Core\Chapter3\Chapter3.Contracts\Contracts.csproj", "{0C6AE92D-75BD-4C04-AEB4-4E86D836A69B}"
EndProject
Project("{9A19103F-16F7-4668-BE54-9A1E7A4F7556}") = "Service.Contracts", "Asp.Net Core\Chapter3\Chapter3.Service.Contracts\Service.Contracts.csproj", "{82EC5609-A0E3-4F13-9143-E766FB26C213}"
EndProject
Project("{9A19103F-16F7-4668-BE54-9A1E7A4F7556}") = "Service", "Asp.Net Core\Chapter3\Chapter3.Service\Service.csproj", "{C3F512BF-A6E7-4080-BB24-C65E8A6FD366}"
EndProject
Project("{2150E333-8FDC-42A3-9474-1A3956D46DE8}") = "Chapter4 Handling Get Request", "Chapter4 Handling Get Request", "{D7A9B61D-6C85-4214-9D16-3EAEE9882FA7}"
EndProject
Project("{9A19103F-16F7-4668-BE54-9A1E7A4F7556}") = "Chapter4.WebAPi", "Asp.Net Core\Chapter4\Chapter4.WebAPi\Chapter4.WebAPi.csproj", "{0AE92684-4E8B-4965-9038-6B809DA42A18}"
EndProject
Project("{9A19103F-16F7-4668-BE54-9A1E7A4F7556}") = "CompanyEmployees.Presentation", "Asp.Net Core\Chapter4\CompanyEmployees.Presentation\CompanyEmployees.Presentation.csproj", "{099338F4-C965-4D8C-ACD8-4166A725CBDB}"
EndProject
Project("{9A19103F-16F7-4668-BE54-9A1E7A4F7556}") = "Shared", "Asp.Net Core\Chapter4\Shared\Shared.csproj", "{9DA9B89D-B303-4767-BAA7-77755FAF34DB}"
EndProject
Project("{9A19103F-16F7-4668-BE54-9A1E7A4F7556}") = "Chaper5.WebApi", "Asp.Net Core\Chapter5\Chaper5.WebApi\Chaper5.WebApi.csproj", "{35A7CB5C-30A4-4B46-8DD7-B8177E879EAD}"
EndProject
Project("{2150E333-8FDC-42A3-9474-1A3956D46DE8}") = "Chapter5 Global Error Handling", "Chapter5 Global Error Handling", "{6353B14F-8DA1-43F7-85D6-CDD4F787E090}"
EndProject
Project("{2150E333-8FDC-42A3-9474-1A3956D46DE8}") = "Shares", "Shares", "{9A2BACAF-5164-4D0F-B405-0ED003EAE011}"
EndProject
Global
	GlobalSection(SolutionConfigurationPlatforms) = preSolution
		Debug|Any CPU = Debug|Any CPU
		Release|Any CPU = Release|Any CPU
	EndGlobalSection
	GlobalSection(ProjectConfigurationPlatforms) = postSolution
		{BBC97BE0-E24C-486A-A7D5-0E6858267A4C}.Debug|Any CPU.ActiveCfg = Debug|Any CPU
		{BBC97BE0-E24C-486A-A7D5-0E6858267A4C}.Debug|Any CPU.Build.0 = Debug|Any CPU
		{BBC97BE0-E24C-486A-A7D5-0E6858267A4C}.Release|Any CPU.ActiveCfg = Release|Any CPU
		{BBC97BE0-E24C-486A-A7D5-0E6858267A4C}.Release|Any CPU.Build.0 = Release|Any CPU
		{28967F46-6EBD-4D27-98FD-30F2297C6990}.Debug|Any CPU.ActiveCfg = Debug|Any CPU
		{28967F46-6EBD-4D27-98FD-30F2297C6990}.Debug|Any CPU.Build.0 = Debug|Any CPU
		{28967F46-6EBD-4D27-98FD-30F2297C6990}.Release|Any CPU.ActiveCfg = Release|Any CPU
		{28967F46-6EBD-4D27-98FD-30F2297C6990}.Release|Any CPU.Build.0 = Release|Any CPU
		{D16DDC14-1DDF-459D-AD0A-05D415DB9FEE}.Debug|Any CPU.ActiveCfg = Debug|Any CPU
		{D16DDC14-1DDF-459D-AD0A-05D415DB9FEE}.Debug|Any CPU.Build.0 = Debug|Any CPU
		{D16DDC14-1DDF-459D-AD0A-05D415DB9FEE}.Release|Any CPU.ActiveCfg = Release|Any CPU
		{D16DDC14-1DDF-459D-AD0A-05D415DB9FEE}.Release|Any CPU.Build.0 = Release|Any CPU
		{2AC90CF2-7D56-4554-9174-924A2340B042}.Debug|Any CPU.ActiveCfg = Debug|Any CPU
		{2AC90CF2-7D56-4554-9174-924A2340B042}.Debug|Any CPU.Build.0 = Debug|Any CPU
		{2AC90CF2-7D56-4554-9174-924A2340B042}.Release|Any CPU.ActiveCfg = Release|Any CPU
		{2AC90CF2-7D56-4554-9174-924A2340B042}.Release|Any CPU.Build.0 = Release|Any CPU
		{F6D3F7D3-149E-4D0E-A41D-F23320820D9A}.Debug|Any CPU.ActiveCfg = Debug|Any CPU
		{F6D3F7D3-149E-4D0E-A41D-F23320820D9A}.Debug|Any CPU.Build.0 = Debug|Any CPU
		{F6D3F7D3-149E-4D0E-A41D-F23320820D9A}.Release|Any CPU.ActiveCfg = Release|Any CPU
		{F6D3F7D3-149E-4D0E-A41D-F23320820D9A}.Release|Any CPU.Build.0 = Release|Any CPU
		{5FC272AA-36AE-4AD5-9961-71780D041CA9}.Debug|Any CPU.ActiveCfg = Debug|Any CPU
		{5FC272AA-36AE-4AD5-9961-71780D041CA9}.Debug|Any CPU.Build.0 = Debug|Any CPU
		{5FC272AA-36AE-4AD5-9961-71780D041CA9}.Release|Any CPU.ActiveCfg = Release|Any CPU
		{5FC272AA-36AE-4AD5-9961-71780D041CA9}.Release|Any CPU.Build.0 = Release|Any CPU
		{C07DAD42-6402-4281-B7F7-37F9E5276630}.Debug|Any CPU.ActiveCfg = Debug|Any CPU
		{C07DAD42-6402-4281-B7F7-37F9E5276630}.Debug|Any CPU.Build.0 = Debug|Any CPU
		{C07DAD42-6402-4281-B7F7-37F9E5276630}.Release|Any CPU.ActiveCfg = Release|Any CPU
		{C07DAD42-6402-4281-B7F7-37F9E5276630}.Release|Any CPU.Build.0 = Release|Any CPU
		{0C6AE92D-75BD-4C04-AEB4-4E86D836A69B}.Debug|Any CPU.ActiveCfg = Debug|Any CPU
		{0C6AE92D-75BD-4C04-AEB4-4E86D836A69B}.Debug|Any CPU.Build.0 = Debug|Any CPU
		{0C6AE92D-75BD-4C04-AEB4-4E86D836A69B}.Release|Any CPU.ActiveCfg = Release|Any CPU
		{0C6AE92D-75BD-4C04-AEB4-4E86D836A69B}.Release|Any CPU.Build.0 = Release|Any CPU
		{82EC5609-A0E3-4F13-9143-E766FB26C213}.Debug|Any CPU.ActiveCfg = Debug|Any CPU
		{82EC5609-A0E3-4F13-9143-E766FB26C213}.Debug|Any CPU.Build.0 = Debug|Any CPU
		{82EC5609-A0E3-4F13-9143-E766FB26C213}.Release|Any CPU.ActiveCfg = Release|Any CPU
		{82EC5609-A0E3-4F13-9143-E766FB26C213}.Release|Any CPU.Build.0 = Release|Any CPU
		{C3F512BF-A6E7-4080-BB24-C65E8A6FD366}.Debug|Any CPU.ActiveCfg = Debug|Any CPU
		{C3F512BF-A6E7-4080-BB24-C65E8A6FD366}.Debug|Any CPU.Build.0 = Debug|Any CPU
		{C3F512BF-A6E7-4080-BB24-C65E8A6FD366}.Release|Any CPU.ActiveCfg = Release|Any CPU
		{C3F512BF-A6E7-4080-BB24-C65E8A6FD366}.Release|Any CPU.Build.0 = Release|Any CPU
		{0AE92684-4E8B-4965-9038-6B809DA42A18}.Debug|Any CPU.ActiveCfg = Debug|Any CPU
		{0AE92684-4E8B-4965-9038-6B809DA42A18}.Debug|Any CPU.Build.0 = Debug|Any CPU
		{0AE92684-4E8B-4965-9038-6B809DA42A18}.Release|Any CPU.ActiveCfg = Release|Any CPU
		{0AE92684-4E8B-4965-9038-6B809DA42A18}.Release|Any CPU.Build.0 = Release|Any CPU
		{099338F4-C965-4D8C-ACD8-4166A725CBDB}.Debug|Any CPU.ActiveCfg = Debug|Any CPU
		{099338F4-C965-4D8C-ACD8-4166A725CBDB}.Debug|Any CPU.Build.0 = Debug|Any CPU
		{099338F4-C965-4D8C-ACD8-4166A725CBDB}.Release|Any CPU.ActiveCfg = Release|Any CPU
		{099338F4-C965-4D8C-ACD8-4166A725CBDB}.Release|Any CPU.Build.0 = Release|Any CPU
		{9DA9B89D-B303-4767-BAA7-77755FAF34DB}.Debug|Any CPU.ActiveCfg = Debug|Any CPU
		{9DA9B89D-B303-4767-BAA7-77755FAF34DB}.Debug|Any CPU.Build.0 = Debug|Any CPU
		{9DA9B89D-B303-4767-BAA7-77755FAF34DB}.Release|Any CPU.ActiveCfg = Release|Any CPU
		{9DA9B89D-B303-4767-BAA7-77755FAF34DB}.Release|Any CPU.Build.0 = Release|Any CPU
		{35A7CB5C-30A4-4B46-8DD7-B8177E879EAD}.Debug|Any CPU.ActiveCfg = Debug|Any CPU
		{35A7CB5C-30A4-4B46-8DD7-B8177E879EAD}.Debug|Any CPU.Build.0 = Debug|Any CPU
		{35A7CB5C-30A4-4B46-8DD7-B8177E879EAD}.Release|Any CPU.ActiveCfg = Release|Any CPU
		{35A7CB5C-30A4-4B46-8DD7-B8177E879EAD}.Release|Any CPU.Build.0 = Release|Any CPU
	EndGlobalSection
	GlobalSection(SolutionProperties) = preSolution
		HideSolutionNode = FALSE
	EndGlobalSection
	GlobalSection(NestedProjects) = preSolution
		{9AB475A7-185D-473E-8E74-9C129E82D697} = {E0C7DFDD-BEB6-4480-90D6-867E722BD2B6}
		{0767E854-B560-44F1-BD01-BDFB1E319881} = {E0C7DFDD-BEB6-4480-90D6-867E722BD2B6}
		{BBC97BE0-E24C-486A-A7D5-0E6858267A4C} = {0767E854-B560-44F1-BD01-BDFB1E319881}
		{28967F46-6EBD-4D27-98FD-30F2297C6990} = {9A2BACAF-5164-4D0F-B405-0ED003EAE011}
		{D16DDC14-1DDF-459D-AD0A-05D415DB9FEE} = {9AB475A7-185D-473E-8E74-9C129E82D697}
		{2AC90CF2-7D56-4554-9174-924A2340B042} = {0767E854-B560-44F1-BD01-BDFB1E319881}
		{75D1565C-DA9A-4273-93C8-2690E9D77C9E} = {E0C7DFDD-BEB6-4480-90D6-867E722BD2B6}
		{F6D3F7D3-149E-4D0E-A41D-F23320820D9A} = {9A2BACAF-5164-4D0F-B405-0ED003EAE011}
		{5FC272AA-36AE-4AD5-9961-71780D041CA9} = {9A2BACAF-5164-4D0F-B405-0ED003EAE011}
		{C07DAD42-6402-4281-B7F7-37F9E5276630} = {75D1565C-DA9A-4273-93C8-2690E9D77C9E}
		{0C6AE92D-75BD-4C04-AEB4-4E86D836A69B} = {9A2BACAF-5164-4D0F-B405-0ED003EAE011}
		{82EC5609-A0E3-4F13-9143-E766FB26C213} = {9A2BACAF-5164-4D0F-B405-0ED003EAE011}
		{C3F512BF-A6E7-4080-BB24-C65E8A6FD366} = {9A2BACAF-5164-4D0F-B405-0ED003EAE011}
		{D7A9B61D-6C85-4214-9D16-3EAEE9882FA7} = {E0C7DFDD-BEB6-4480-90D6-867E722BD2B6}
		{0AE92684-4E8B-4965-9038-6B809DA42A18} = {D7A9B61D-6C85-4214-9D16-3EAEE9882FA7}
		{099338F4-C965-4D8C-ACD8-4166A725CBDB} = {9A2BACAF-5164-4D0F-B405-0ED003EAE011}
		{9DA9B89D-B303-4767-BAA7-77755FAF34DB} = {9A2BACAF-5164-4D0F-B405-0ED003EAE011}
		{35A7CB5C-30A4-4B46-8DD7-B8177E879EAD} = {6353B14F-8DA1-43F7-85D6-CDD4F787E090}
		{6353B14F-8DA1-43F7-85D6-CDD4F787E090} = {E0C7DFDD-BEB6-4480-90D6-867E722BD2B6}
		{9A2BACAF-5164-4D0F-B405-0ED003EAE011} = {E0C7DFDD-BEB6-4480-90D6-867E722BD2B6}
	EndGlobalSection
	GlobalSection(ExtensibilityGlobals) = postSolution
		SolutionGuid = {5F15127E-7428-4DC2-8B59-98F422C0234E}
	EndGlobalSection
EndGlobal
