
Microsoft Visual Studio Solution File, Format Version 12.00
# Visual Studio Version 17
VisualStudioVersion = 17.4.33205.214
MinimumVisualStudioVersion = 10.0.40219.1
Project("{FAE04EC0-301F-11D3-BF4B-00C04F79EFBC}") = "CompanyEmployees", "CompanyEmployees\CompanyEmployees.csproj", "{C9595141-AC1A-43B3-8B3C-882578388699}"
EndProject
Global
	GlobalSection(SolutionConfigurationPlatforms) = preSolution
		Debug|Any CPU = Debug|Any CPU
		Release|Any CPU = Release|Any CPU
	EndGlobalSection
	GlobalSection(ProjectConfigurationPlatforms) = postSolution
		{C9595141-AC1A-43B3-8B3C-882578388699}.Debug|Any CPU.ActiveCfg = Debug|Any CPU
		{C9595141-AC1A-43B3-8B3C-882578388699}.Debug|Any CPU.Build.0 = Debug|Any CPU
		{C9595141-AC1A-43B3-8B3C-882578388699}.Release|Any CPU.ActiveCfg = Release|Any CPU
		{C9595141-AC1A-43B3-8B3C-882578388699}.Release|Any CPU.Build.0 = Release|Any CPU
	EndGlobalSection
	GlobalSection(SolutionProperties) = preSolution
		HideSolutionNode = FALSE
	EndGlobalSection
	GlobalSection(ExtensibilityGlobals) = postSolution
		SolutionGuid = {2C6BA603-00C0-4BBB-A144-7882F1FD5696}
	EndGlobalSection
EndGlobal
